{"format_version":"1.2","terraform_version":"1.11.3","variables":{"gcp_key":{"value":"../voltaic-pilot-419406-c02b09c4d939.json"},"gcp_project_id":{"value":"voltaic-pilot-419406"},"gcp_region":{"value":"us-east1"}},"planned_values":{"root_module":{"resources":[{"address":"google_secure_source_manager_branch_rule.basic","mode":"managed","type":"google_secure_source_manager_branch_rule","name":"basic","provider_name":"registry.terraform.io/hashicorp/google","schema_version":0,"values":{"allow_stale_reviews":null,"branch_rule_id":"my-basic-branchrule","disabled":null,"include_pattern":"main","location":"us-east1","minimum_approvals_count":2,"minimum_reviews_count":null,"project":"voltaic-pilot-419406","repository_id":"my-repository","require_comments_resolved":null,"require_linear_history":null,"require_pull_request":true,"timeouts":null},"sensitive_values":{}},{"address":"google_secure_source_manager_instance.instance","mode":"managed","type":"google_secure_source_manager_instance","name":"instance","provider_name":"registry.terraform.io/hashicorp/google","schema_version":0,"values":{"effective_labels":{"goog-terraform-provisioned":"true"},"instance_id":"my-instance","kms_key":null,"labels":null,"location":"us-east1","private_config":[],"project":"voltaic-pilot-419406","terraform_labels":{"goog-terraform-provisioned":"true"},"timeouts":null,"workforce_identity_federation_config":[]},"sensitive_values":{"effective_labels":{},"host_config":[],"private_config":[],"terraform_labels":{},"workforce_identity_federation_config":[]}},{"address":"google_secure_source_manager_instance_iam_member.member","mode":"managed","type":"google_secure_source_manager_instance_iam_member","name":"member","provider_name":"registry.terraform.io/hashicorp/google","schema_version":0,"values":{"condition":[],"instance_id":"my-instance","location":"us-east1","member":"user:jane@example.com","project":"voltaic-pilot-419406","role":"roles/securesourcemanager.instanceOwner"},"sensitive_values":{"condition":[]}},{"address":"google_secure_source_manager_repository.repository","mode":"managed","type":"google_secure_source_manager_repository","name":"repository","provider_name":"registry.terraform.io/hashicorp/google","schema_version":0,"values":{"description":null,"initial_config":[],"location":"us-east1","project":"voltaic-pilot-419406","repository_id":"my-repository","timeouts":null},"sensitive_values":{"initial_config":[],"uris":[]}}]}},"resource_changes":[{"address":"google_secure_source_manager_branch_rule.basic","mode":"managed","type":"google_secure_source_manager_branch_rule","name":"basic","provider_name":"registry.terraform.io/hashicorp/google","change":{"actions":["create"],"before":null,"after":{"allow_stale_reviews":null,"branch_rule_id":"my-basic-branchrule","disabled":null,"include_pattern":"main","location":"us-east1","minimum_approvals_count":2,"minimum_reviews_count":null,"project":"voltaic-pilot-419406","repository_id":"my-repository","require_comments_resolved":null,"require_linear_history":null,"require_pull_request":true,"timeouts":null},"after_unknown":{"create_time":true,"id":true,"name":true,"uid":true,"update_time":true},"before_sensitive":false,"after_sensitive":{}}},{"address":"google_secure_source_manager_instance.instance","mode":"managed","type":"google_secure_source_manager_instance","name":"instance","provider_name":"registry.terraform.io/hashicorp/google","change":{"actions":["create"],"before":null,"after":{"effective_labels":{"goog-terraform-provisioned":"true"},"instance_id":"my-instance","kms_key":null,"labels":null,"location":"us-east1","private_config":[],"project":"voltaic-pilot-419406","terraform_labels":{"goog-terraform-provisioned":"true"},"timeouts":null,"workforce_identity_federation_config":[]},"after_unknown":{"create_time":true,"effective_labels":{},"host_config":true,"id":true,"name":true,"private_config":[],"state":true,"state_note":true,"terraform_labels":{},"update_time":true,"workforce_identity_federation_config":[]},"before_sensitive":false,"after_sensitive":{"effective_labels":{},"host_config":[],"private_config":[],"terraform_labels":{},"workforce_identity_federation_config":[]}}},{"address":"google_secure_source_manager_instance_iam_member.member","mode":"managed","type":"google_secure_source_manager_instance_iam_member","name":"member","provider_name":"registry.terraform.io/hashicorp/google","change":{"actions":["create"],"before":null,"after":{"condition":[],"instance_id":"my-instance","location":"us-east1","member":"user:jane@example.com","project":"voltaic-pilot-419406","role":"roles/securesourcemanager.instanceOwner"},"after_unknown":{"condition":[],"etag":true,"id":true},"before_sensitive":false,"after_sensitive":{"condition":[]}}},{"address":"google_secure_source_manager_repository.repository","mode":"managed","type":"google_secure_source_manager_repository","name":"repository","provider_name":"registry.terraform.io/hashicorp/google","change":{"actions":["create"],"before":null,"after":{"description":null,"initial_config":[],"location":"us-east1","project":"voltaic-pilot-419406","repository_id":"my-repository","timeouts":null},"after_unknown":{"create_time":true,"id":true,"initial_config":[],"instance":true,"name":true,"uid":true,"update_time":true,"uris":true},"before_sensitive":false,"after_sensitive":{"initial_config":[],"uris":[]}}}],"configuration":{"provider_config":{"google":{"name":"google","full_name":"registry.terraform.io/hashicorp/google","expressions":{"credentials":{"references":["var.gcp_key"]},"project":{"references":["var.gcp_project_id"]},"region":{"references":["var.gcp_region"]}}}},"root_module":{"resources":[{"address":"google_secure_source_manager_branch_rule.basic","mode":"managed","type":"google_secure_source_manager_branch_rule","name":"basic","provider_config_key":"google","expressions":{"branch_rule_id":{"constant_value":"my-basic-branchrule"},"include_pattern":{"constant_value":"main"},"location":{"references":["google_secure_source_manager_repository.repository.location","google_secure_source_manager_repository.repository"]},"minimum_approvals_count":{"constant_value":2},"repository_id":{"references":["google_secure_source_manager_repository.repository.repository_id","google_secure_source_manager_repository.repository"]},"require_pull_request":{"constant_value":true}},"schema_version":0},{"address":"google_secure_source_manager_instance.instance","mode":"managed","type":"google_secure_source_manager_instance","name":"instance","provider_config_key":"google","expressions":{"instance_id":{"constant_value":"my-instance"},"location":{"references":["var.gcp_region"]}},"schema_version":0},{"address":"google_secure_source_manager_instance_iam_member.member","mode":"managed","type":"google_secure_source_manager_instance_iam_member","name":"member","provider_config_key":"google","expressions":{"instance_id":{"references":["google_secure_source_manager_instance.instance.instance_id","google_secure_source_manager_instance.instance"]},"location":{"references":["google_secure_source_manager_instance.instance.location","google_secure_source_manager_instance.instance"]},"member":{"constant_value":"user:jane@example.com"},"project":{"references":["google_secure_source_manager_instance.instance.project","google_secure_source_manager_instance.instance"]},"role":{"constant_value":"roles/securesourcemanager.instanceOwner"}},"schema_version":0},{"address":"google_secure_source_manager_repository.repository","mode":"managed","type":"google_secure_source_manager_repository","name":"repository","provider_config_key":"google","expressions":{"instance":{"references":["google_secure_source_manager_instance.instance.name","google_secure_source_manager_instance.instance"]},"location":{"references":["var.gcp_region"]},"repository_id":{"constant_value":"my-repository"}},"schema_version":0}],"variables":{"gcp_key":{},"gcp_project_id":{},"gcp_region":{}}}},"relevant_attributes":[{"resource":"google_secure_source_manager_instance.instance","attribute":["name"]},{"resource":"google_secure_source_manager_instance.instance","attribute":["project"]},{"resource":"google_secure_source_manager_repository.repository","attribute":["location"]},{"resource":"google_secure_source_manager_instance.instance","attribute":["instance_id"]},{"resource":"google_secure_source_manager_repository.repository","attribute":["repository_id"]},{"resource":"google_secure_source_manager_instance.instance","attribute":["location"]}],"timestamp":"2025-04-06T03:15:13Z","applyable":true,"complete":true,"errored":false}
